
Microsoft Visual Studio Solution File, Format Version 12.00
# Visual Studio Version 16
VisualStudioVersion = 16.0.32630.194
MinimumVisualStudioVersion = 10.0.40219.1
Project("{FAE04EC0-301F-11D3-BF4B-00C04F79EFBC}") = "Task_1", "Task_1\Task_1.csproj", "{C09D9079-D5BD-4BDC-954A-5F0418E32E8A}"
EndProject
Project("{FAE04EC0-301F-11D3-BF4B-00C04F79EFBC}") = "Task_2", "Task_2\Task_2.csproj", "{C7E59601-0B78-4B12-B24D-832055B8630A}"
EndProject
Global
	GlobalSection(SolutionConfigurationPlatforms) = preSolution
		Debug|Any CPU = Debug|Any CPU
		Release|Any CPU = Release|Any CPU
	EndGlobalSection
	GlobalSection(ProjectConfigurationPlatforms) = postSolution
		{C09D9079-D5BD-4BDC-954A-5F0418E32E8A}.Debug|Any CPU.ActiveCfg = Debug|Any CPU
		{C09D9079-D5BD-4BDC-954A-5F0418E32E8A}.Debug|Any CPU.Build.0 = Debug|Any CPU
		{C09D9079-D5BD-4BDC-954A-5F0418E32E8A}.Release|Any CPU.ActiveCfg = Release|Any CPU
		{C09D9079-D5BD-4BDC-954A-5F0418E32E8A}.Release|Any CPU.Build.0 = Release|Any CPU
		{C7E59601-0B78-4B12-B24D-832055B8630A}.Debug|Any CPU.ActiveCfg = Debug|Any CPU
		{C7E59601-0B78-4B12-B24D-832055B8630A}.Debug|Any CPU.Build.0 = Debug|Any CPU
		{C7E59601-0B78-4B12-B24D-832055B8630A}.Release|Any CPU.ActiveCfg = Release|Any CPU
		{C7E59601-0B78-4B12-B24D-832055B8630A}.Release|Any CPU.Build.0 = Release|Any CPU
	EndGlobalSection
	GlobalSection(SolutionProperties) = preSolution
		HideSolutionNode = FALSE
	EndGlobalSection
	GlobalSection(ExtensibilityGlobals) = postSolution
		SolutionGuid = {30DA559E-5518-464F-8A4B-ED62003971AA}
	EndGlobalSection
EndGlobal
